
Microsoft Visual Studio Solution File, Format Version 12.00
# Visual Studio Version 17
VisualStudioVersion = 17.6.33829.357
MinimumVisualStudioVersion = 10.0.40219.1
Project("{FAE04EC0-301F-11D3-BF4B-00C04F79EFBC}") = "MVC ASP.ET Core", "MVC ASP.ET Core.csproj", "{52EAACD2-36DA-4B27-B8D6-5ABAAF695EC0}"
EndProject
Global
	GlobalSection(SolutionConfigurationPlatforms) = preSolution
		Debug|Any CPU = Debug|Any CPU
		Release|Any CPU = Release|Any CPU
	EndGlobalSection
	GlobalSection(ProjectConfigurationPlatforms) = postSolution
		{52EAACD2-36DA-4B27-B8D6-5ABAAF695EC0}.Debug|Any CPU.ActiveCfg = Debug|Any CPU
		{52EAACD2-36DA-4B27-B8D6-5ABAAF695EC0}.Debug|Any CPU.Build.0 = Debug|Any CPU
		{52EAACD2-36DA-4B27-B8D6-5ABAAF695EC0}.Release|Any CPU.ActiveCfg = Release|Any CPU
		{52EAACD2-36DA-4B27-B8D6-5ABAAF695EC0}.Release|Any CPU.Build.0 = Release|Any CPU
	EndGlobalSection
	GlobalSection(SolutionProperties) = preSolution
		HideSolutionNode = FALSE
	EndGlobalSection
	GlobalSection(ExtensibilityGlobals) = postSolution
		SolutionGuid = {F36DD6DA-D1A6-4C5F-A1CC-23ACD2C9DD04}
	EndGlobalSection
EndGlobal
